{
    "_meta": {
        "hash": {
            "sha256": "53faf69eb87c99e9c96e61d27f587d90c8725120283a90f2ca2c20f16ebfa66e"
        },
        "pipfile-spec": 6,
        "requires": {
            "python_version": "3.6"
        },
        "sources": [
            {
                "name": "pypi",
                "url": "https://pypi.org/simple",
                "verify_ssl": true
            }
        ]
    },
    "default": {
        "requests": {
            "hashes": [
                "sha256:a57307f3a5f35ec9e1254aaf3e0484063ee3ee6b5f123fb35c5b2673492efa71",
                "sha256:fcef306d62b1c061eb00b8402cf136ff0ea1daf7a53b60cdef9563a22850072c"
            ],
            "index": "pypi",
            "version": "==2.1.0"
        }
    },
    "develop": {}
}
